
Microsoft Visual Studio Solution File, Format Version 12.00
# Visual Studio Version 17
VisualStudioVersion = 17.10.35013.160
MinimumVisualStudioVersion = 10.0.40219.1
Project("{FAE04EC0-301F-11D3-BF4B-00C04F79EFBC}") = "Sprint_2", "Sprint_2\Sprint_2.csproj", "{B90C8542-4274-441A-9852-2473A9521175}"
EndProject
Project("{FAE04EC0-301F-11D3-BF4B-00C04F79EFBC}") = "Entidades", "Entidades\Entidades.csproj", "{8752CEB1-CB2E-4412-B0B8-FD92E7CACCE9}"
EndProject
Global
	GlobalSection(SolutionConfigurationPlatforms) = preSolution
		Debug|Any CPU = Debug|Any CPU
		Release|Any CPU = Release|Any CPU
	EndGlobalSection
	GlobalSection(ProjectConfigurationPlatforms) = postSolution
		{B90C8542-4274-441A-9852-2473A9521175}.Debug|Any CPU.ActiveCfg = Debug|Any CPU
		{B90C8542-4274-441A-9852-2473A9521175}.Debug|Any CPU.Build.0 = Debug|Any CPU
		{B90C8542-4274-441A-9852-2473A9521175}.Release|Any CPU.ActiveCfg = Release|Any CPU
		{B90C8542-4274-441A-9852-2473A9521175}.Release|Any CPU.Build.0 = Release|Any CPU
		{8752CEB1-CB2E-4412-B0B8-FD92E7CACCE9}.Debug|Any CPU.ActiveCfg = Debug|Any CPU
		{8752CEB1-CB2E-4412-B0B8-FD92E7CACCE9}.Debug|Any CPU.Build.0 = Debug|Any CPU
		{8752CEB1-CB2E-4412-B0B8-FD92E7CACCE9}.Release|Any CPU.ActiveCfg = Release|Any CPU
		{8752CEB1-CB2E-4412-B0B8-FD92E7CACCE9}.Release|Any CPU.Build.0 = Release|Any CPU
	EndGlobalSection
	GlobalSection(SolutionProperties) = preSolution
		HideSolutionNode = FALSE
	EndGlobalSection
	GlobalSection(ExtensibilityGlobals) = postSolution
		SolutionGuid = {2523678D-6988-4B7B-AE7F-BBEC3315760D}
	EndGlobalSection
EndGlobal
